version = 1
revision = 1
requires-python = ">=3.12"

[[package]]
name = "0-mssql"
version = "0.1.0"
source = { virtual = "." }
dependencies = [
    { name = "pyodbc" },
]

[package.metadata]
requires-dist = [{ name = "pyodbc", specifier = ">=5.2.0" }]

[[package]]
name = "pyodbc"
version = "5.2.0"
source = { registry = "https://pypi.org/simple" }
sdist = { url = "https://files.pythonhosted.org/packages/a0/36/a1ac7d23a1611e7ccd4d27df096f3794e8d1e7faa040260d9d41b6fc3185/pyodbc-5.2.0.tar.gz", hash = "sha256:de8be39809c8ddeeee26a4b876a6463529cd487a60d1393eb2a93e9bcd44a8f5", size = 116908 }
wheels = [
    { url = "https://files.pythonhosted.org/packages/26/26/104525b728fedfababd3143426b9d0008c70f0d604a3bf5d4773977d83f4/pyodbc-5.2.0-cp312-cp312-macosx_10_13_x86_64.whl", hash = "sha256:be43d1ece4f2cf4d430996689d89a1a15aeb3a8da8262527e5ced5aee27e89c3", size = 73014 },
    { url = "https://files.pythonhosted.org/packages/4f/7d/bb632488b603bcd2a6753b858e8bc7dd56146dd19bd72003cc09ae6e3fc0/pyodbc-5.2.0-cp312-cp312-macosx_11_0_arm64.whl", hash = "sha256:9f7badd0055221a744d76c11440c0856fd2846ed53b6555cf8f0a8893a3e4b03", size = 72515 },
    { url = "https://files.pythonhosted.org/packages/ab/38/a1b9bfe5a7062672268553c2d6ff93676173b0fb4bd583e8c4f74a0e296f/pyodbc-5.2.0-cp312-cp312-manylinux_2_17_aarch64.manylinux2014_aarch64.whl", hash = "sha256:ad633c52f4f4e7691daaa2278d6e6ebb2fe4ae7709e610e22c7dd1a1d620cf8b", size = 348561 },
    { url = "https://files.pythonhosted.org/packages/71/82/ddb1c41c682550116f391aa6cab2052910046a30d63014bbe6d09c4958f4/pyodbc-5.2.0-cp312-cp312-manylinux_2_17_x86_64.manylinux2014_x86_64.whl", hash = "sha256:97d086a8f7a302b74c9c2e77bedf954a603b19168af900d4d3a97322e773df63", size = 353962 },
    { url = "https://files.pythonhosted.org/packages/e5/29/fec0e739d0c1cab155843ed71d0717f5e1694effe3f28d397168f48bcd92/pyodbc-5.2.0-cp312-cp312-win32.whl", hash = "sha256:0e4412f8e608db2a4be5bcc75f9581f386ed6a427dbcb5eac795049ba6fc205e", size = 63050 },
    { url = "https://files.pythonhosted.org/packages/21/7f/3a47e022a97b017ffb73351a1061e4401bcb5aa4fc0162d04f4e5452e4fc/pyodbc-5.2.0-cp312-cp312-win_amd64.whl", hash = "sha256:b1f5686b142759c5b2bdbeaa0692622c2ebb1f10780eb3c174b85f5607fbcf55", size = 69485 },
    { url = "https://files.pythonhosted.org/packages/90/be/e5f8022ec57a7ea6aa3717a3f307a44c3b012fce7ad6ec91aad3e2a56978/pyodbc-5.2.0-cp313-cp313-macosx_10_13_x86_64.whl", hash = "sha256:26844d780045bbc3514d5c2f0d89e7fda7df7db0bd24292eb6902046f5730885", size = 72982 },
    { url = "https://files.pythonhosted.org/packages/5c/0e/71111e4f53936b0b99731d9b6acfc8fc95660533a1421447a63d6e519112/pyodbc-5.2.0-cp313-cp313-macosx_11_0_arm64.whl", hash = "sha256:26d2d8fd53b71204c755abc53b0379df4e23fd9a40faf211e1cb87e8a32470f0", size = 72515 },
    { url = "https://files.pythonhosted.org/packages/a5/09/3c06bbc1ebb9ae15f53cefe10774809b67da643883287ba1c44ba053816a/pyodbc-5.2.0-cp313-cp313-manylinux_2_17_aarch64.manylinux2014_aarch64.whl", hash = "sha256:a27996b6d27e275dfb5fe8a34087ba1cacadfd1439e636874ef675faea5149d9", size = 347470 },
    { url = "https://files.pythonhosted.org/packages/a4/35/1c7efd4665e7983169d20175014f68578e0edfcbc4602b0bafcefa522c4a/pyodbc-5.2.0-cp313-cp313-manylinux_2_17_x86_64.manylinux2014_x86_64.whl", hash = "sha256:eaf42c4bd323b8fd01f1cd900cca2d09232155f9b8f0b9bcd0be66763588ce64", size = 353025 },
    { url = "https://files.pythonhosted.org/packages/6d/c9/736d07fa33572abdc50d858fd9e527d2c8281f3acbb90dff4999a3662edd/pyodbc-5.2.0-cp313-cp313-win32.whl", hash = "sha256:207f16b7e9bf09c591616429ebf2b47127e879aad21167ac15158910dc9bbcda", size = 63052 },
    { url = "https://files.pythonhosted.org/packages/73/2a/3219c8b7fa3788fc9f27b5fc2244017223cf070e5ab370f71c519adf9120/pyodbc-5.2.0-cp313-cp313-win_amd64.whl", hash = "sha256:96d3127f28c0dacf18da7ae009cd48eac532d3dcc718a334b86a3c65f6a5ef5c", size = 69486 },
]
